// !$*UTF8*$!
{
	archiveVersion = 1;
	classes = {
	};
	objectVersion = 50;
	objects = {

/* Begin PBXBuildFile section */
		2E746D6B22A7245700688E01 /* AppDelegate.swift in Sources */ = {isa = PBXBuildFile; fileRef = 2E746D6A22A7245700688E01 /* AppDelegate.swift */; };
		2E746D6D22A7245700688E01 /* SceneDelegate.swift in Sources */ = {isa = PBXBuildFile; fileRef = 2E746D6C22A7245700688E01 /* SceneDelegate.swift */; };
		2E746D6F22A7245700688E01 /* ContentView.swift in Sources */ = {isa = PBXBuildFile; fileRef = 2E746D6E22A7245700688E01 /* ContentView.swift */; };
		2E746D7122A7245700688E01 /* Assets.xcassets in Resources */ = {isa = PBXBuildFile; fileRef = 2E746D7022A7245700688E01 /* Assets.xcassets */; };
		2E746D7422A7245700688E01 /* Preview Assets.xcassets in Resources */ = {isa = PBXBuildFile; fileRef = 2E746D7322A7245700688E01 /* Preview Assets.xcassets */; };
		2E746D7722A7245700688E01 /* LaunchScreen.storyboard in Resources */ = {isa = PBXBuildFile; fileRef = 2E746D7522A7245700688E01 /* LaunchScreen.storyboard */; };
		2E746D8222A7245700688E01 /* MatthiasTaMorrendoTests.swift in Sources */ = {isa = PBXBuildFile; fileRef = 2E746D8122A7245700688E01 /* MatthiasTaMorrendoTests.swift */; };
		2E746D8D22A7245700688E01 /* MatthiasTaMorrendoUITests.swift in Sources */ = {isa = PBXBuildFile; fileRef = 2E746D8C22A7245700688E01 /* MatthiasTaMorrendoUITests.swift */; };
		2E746D9B22A73F0600688E01 /* StatusView.swift in Sources */ = {isa = PBXBuildFile; fileRef = 2E746D9A22A73F0600688E01 /* StatusView.swift */; };
		2E746D9D22A73F2B00688E01 /* Datapoint.swift in Sources */ = {isa = PBXBuildFile; fileRef = 2E746D9C22A73F2B00688E01 /* Datapoint.swift */; };
/* End PBXBuildFile section */

/* Begin PBXContainerItemProxy section */
		2E746D7E22A7245700688E01 /* PBXContainerItemProxy */ = {
			isa = PBXContainerItemProxy;
			containerPortal = 2E746D5F22A7245700688E01 /* Project object */;
			proxyType = 1;
			remoteGlobalIDString = 2E746D6622A7245700688E01;
			remoteInfo = MatthiasTaMorrendo;
		};
		2E746D8922A7245700688E01 /* PBXContainerItemProxy */ = {
			isa = PBXContainerItemProxy;
			containerPortal = 2E746D5F22A7245700688E01 /* Project object */;
			proxyType = 1;
			remoteGlobalIDString = 2E746D6622A7245700688E01;
			remoteInfo = MatthiasTaMorrendo;
		};
/* End PBXContainerItemProxy section */

/* Begin PBXFileReference section */
		2E746D6722A7245700688E01 /* MatthiasTaMorrendo.app */ = {isa = PBXFileReference; explicitFileType = wrapper.application; includeInIndex = 0; path = MatthiasTaMorrendo.app; sourceTree = BUILT_PRODUCTS_DIR; };
		2E746D6A22A7245700688E01 /* AppDelegate.swift */ = {isa = PBXFileReference; lastKnownFileType = sourcecode.swift; path = AppDelegate.swift; sourceTree = "<group>"; };
		2E746D6C22A7245700688E01 /* SceneDelegate.swift */ = {isa = PBXFileReference; lastKnownFileType = sourcecode.swift; path = SceneDelegate.swift; sourceTree = "<group>"; };
		2E746D6E22A7245700688E01 /* ContentView.swift */ = {isa = PBXFileReference; lastKnownFileType = sourcecode.swift; path = ContentView.swift; sourceTree = "<group>"; };
		2E746D7022A7245700688E01 /* Assets.xcassets */ = {isa = PBXFileReference; lastKnownFileType = folder.assetcatalog; path = Assets.xcassets; sourceTree = "<group>"; };
		2E746D7322A7245700688E01 /* Preview Assets.xcassets */ = {isa = PBXFileReference; lastKnownFileType = folder.assetcatalog; path = "Preview Assets.xcassets"; sourceTree = "<group>"; };
		2E746D7622A7245700688E01 /* Base */ = {isa = PBXFileReference; lastKnownFileType = file.storyboard; name = Base; path = Base.lproj/LaunchScreen.storyboard; sourceTree = "<group>"; };
		2E746D7822A7245700688E01 /* Info.plist */ = {isa = PBXFileReference; lastKnownFileType = text.plist.xml; path = Info.plist; sourceTree = "<group>"; };
		2E746D7D22A7245700688E01 /* MatthiasTaMorrendoTests.xctest */ = {isa = PBXFileReference; explicitFileType = wrapper.cfbundle; includeInIndex = 0; path = MatthiasTaMorrendoTests.xctest; sourceTree = BUILT_PRODUCTS_DIR; };
		2E746D8122A7245700688E01 /* MatthiasTaMorrendoTests.swift */ = {isa = PBXFileReference; lastKnownFileType = sourcecode.swift; path = MatthiasTaMorrendoTests.swift; sourceTree = "<group>"; };
		2E746D8322A7245700688E01 /* Info.plist */ = {isa = PBXFileReference; lastKnownFileType = text.plist.xml; path = Info.plist; sourceTree = "<group>"; };
		2E746D8822A7245700688E01 /* MatthiasTaMorrendoUITests.xctest */ = {isa = PBXFileReference; explicitFileType = wrapper.cfbundle; includeInIndex = 0; path = MatthiasTaMorrendoUITests.xctest; sourceTree = BUILT_PRODUCTS_DIR; };
		2E746D8C22A7245700688E01 /* MatthiasTaMorrendoUITests.swift */ = {isa = PBXFileReference; lastKnownFileType = sourcecode.swift; path = MatthiasTaMorrendoUITests.swift; sourceTree = "<group>"; };
		2E746D8E22A7245700688E01 /* Info.plist */ = {isa = PBXFileReference; lastKnownFileType = text.plist.xml; path = Info.plist; sourceTree = "<group>"; };
		2E746D9A22A73F0600688E01 /* StatusView.swift */ = {isa = PBXFileReference; lastKnownFileType = sourcecode.swift; path = StatusView.swift; sourceTree = "<group>"; };
		2E746D9C22A73F2B00688E01 /* Datapoint.swift */ = {isa = PBXFileReference; lastKnownFileType = sourcecode.swift; path = Datapoint.swift; sourceTree = "<group>"; };
/* End PBXFileReference section */

/* Begin PBXFrameworksBuildPhase section */
		2E746D6422A7245700688E01 /* Frameworks */ = {
			isa = PBXFrameworksBuildPhase;
			buildActionMask = 2147483647;
			files = (
			);
			runOnlyForDeploymentPostprocessing = 0;
		};
		2E746D7A22A7245700688E01 /* Frameworks */ = {
			isa = PBXFrameworksBuildPhase;
			buildActionMask = 2147483647;
			files = (
			);
			runOnlyForDeploymentPostprocessing = 0;
		};
		2E746D8522A7245700688E01 /* Frameworks */ = {
			isa = PBXFrameworksBuildPhase;
			buildActionMask = 2147483647;
			files = (
			);
			runOnlyForDeploymentPostprocessing = 0;
		};
/* End PBXFrameworksBuildPhase section */

/* Begin PBXGroup section */
		2E746D5E22A7245700688E01 = {
			isa = PBXGroup;
			children = (
				2E746D6922A7245700688E01 /* MatthiasTaMorrendo */,
				2E746D8022A7245700688E01 /* MatthiasTaMorrendoTests */,
				2E746D8B22A7245700688E01 /* MatthiasTaMorrendoUITests */,
				2E746D6822A7245700688E01 /* Products */,
			);
			sourceTree = "<group>";
		};
		2E746D6822A7245700688E01 /* Products */ = {
			isa = PBXGroup;
			children = (
				2E746D6722A7245700688E01 /* MatthiasTaMorrendo.app */,
				2E746D7D22A7245700688E01 /* MatthiasTaMorrendoTests.xctest */,
				2E746D8822A7245700688E01 /* MatthiasTaMorrendoUITests.xctest */,
			);
			name = Products;
			sourceTree = "<group>";
		};
		2E746D6922A7245700688E01 /* MatthiasTaMorrendo */ = {
			isa = PBXGroup;
			children = (
				2E746D6A22A7245700688E01 /* AppDelegate.swift */,
				2E746D6C22A7245700688E01 /* SceneDelegate.swift */,
				2E746D6E22A7245700688E01 /* ContentView.swift */,
				2E746D7022A7245700688E01 /* Assets.xcassets */,
				2E746D7522A7245700688E01 /* LaunchScreen.storyboard */,
				2E746D7822A7245700688E01 /* Info.plist */,
				2E746D7222A7245700688E01 /* Preview Content */,
				2E746D9A22A73F0600688E01 /* StatusView.swift */,
				2E746D9C22A73F2B00688E01 /* Datapoint.swift */,
			);
			path = MatthiasTaMorrendo;
			sourceTree = "<group>";
		};
		2E746D7222A7245700688E01 /* Preview Content */ = {
			isa = PBXGroup;
			children = (
				2E746D7322A7245700688E01 /* Preview Assets.xcassets */,
			);
			path = "Preview Content";
			sourceTree = "<group>";
		};
		2E746D8022A7245700688E01 /* MatthiasTaMorrendoTests */ = {
			isa = PBXGroup;
			children = (
				2E746D8122A7245700688E01 /* MatthiasTaMorrendoTests.swift */,
				2E746D8322A7245700688E01 /* Info.plist */,
			);
			path = MatthiasTaMorrendoTests;
			sourceTree = "<group>";
		};
		2E746D8B22A7245700688E01 /* MatthiasTaMorrendoUITests */ = {
			isa = PBXGroup;
			children = (
				2E746D8C22A7245700688E01 /* MatthiasTaMorrendoUITests.swift */,
				2E746D8E22A7245700688E01 /* Info.plist */,
			);
			path = MatthiasTaMorrendoUITests;
			sourceTree = "<group>";
		};
/* End PBXGroup section */

/* Begin PBXNativeTarget section */
		2E746D6622A7245700688E01 /* MatthiasTaMorrendo */ = {
			isa = PBXNativeTarget;
			buildConfigurationList = 2E746D9122A7245700688E01 /* Build configuration list for PBXNativeTarget "MatthiasTaMorrendo" */;
			buildPhases = (
				2E746D6322A7245700688E01 /* Sources */,
				2E746D6422A7245700688E01 /* Frameworks */,
				2E746D6522A7245700688E01 /* Resources */,
			);
			buildRules = (
			);
			dependencies = (
			);
			name = MatthiasTaMorrendo;
			productName = MatthiasTaMorrendo;
			productReference = 2E746D6722A7245700688E01 /* MatthiasTaMorrendo.app */;
			productType = "com.apple.product-type.application";
		};
		2E746D7C22A7245700688E01 /* MatthiasTaMorrendoTests */ = {
			isa = PBXNativeTarget;
			buildConfigurationList = 2E746D9422A7245700688E01 /* Build configuration list for PBXNativeTarget "MatthiasTaMorrendoTests" */;
			buildPhases = (
				2E746D7922A7245700688E01 /* Sources */,
				2E746D7A22A7245700688E01 /* Frameworks */,
				2E746D7B22A7245700688E01 /* Resources */,
			);
			buildRules = (
			);
			dependencies = (
				2E746D7F22A7245700688E01 /* PBXTargetDependency */,
			);
			name = MatthiasTaMorrendoTests;
			productName = MatthiasTaMorrendoTests;
			productReference = 2E746D7D22A7245700688E01 /* MatthiasTaMorrendoTests.xctest */;
			productType = "com.apple.product-type.bundle.unit-test";
		};
		2E746D8722A7245700688E01 /* MatthiasTaMorrendoUITests */ = {
			isa = PBXNativeTarget;
			buildConfigurationList = 2E746D9722A7245700688E01 /* Build configuration list for PBXNativeTarget "MatthiasTaMorrendoUITests" */;
			buildPhases = (
				2E746D8422A7245700688E01 /* Sources */,
				2E746D8522A7245700688E01 /* Frameworks */,
				2E746D8622A7245700688E01 /* Resources */,
			);
			buildRules = (
			);
			dependencies = (
				2E746D8A22A7245700688E01 /* PBXTargetDependency */,
			);
			name = MatthiasTaMorrendoUITests;
			productName = MatthiasTaMorrendoUITests;
			productReference = 2E746D8822A7245700688E01 /* MatthiasTaMorrendoUITests.xctest */;
			productType = "com.apple.product-type.bundle.ui-testing";
		};
/* End PBXNativeTarget section */

/* Begin PBXProject section */
		2E746D5F22A7245700688E01 /* Project object */ = {
			isa = PBXProject;
			attributes = {
				LastSwiftUpdateCheck = 1100;
				LastUpgradeCheck = 1100;
				ORGANIZATIONNAME = "Eduardo Cunha";
				TargetAttributes = {
					2E746D6622A7245700688E01 = {
						CreatedOnToolsVersion = 11.0;
					};
					2E746D7C22A7245700688E01 = {
						CreatedOnToolsVersion = 11.0;
						TestTargetID = 2E746D6622A7245700688E01;
					};
					2E746D8722A7245700688E01 = {
						CreatedOnToolsVersion = 11.0;
						TestTargetID = 2E746D6622A7245700688E01;
					};
				};
			};
			buildConfigurationList = 2E746D6222A7245700688E01 /* Build configuration list for PBXProject "MatthiasTaMorrendo" */;
			compatibilityVersion = "Xcode 9.3";
			developmentRegion = en;
			hasScannedForEncodings = 0;
			knownRegions = (
				en,
				Base,
			);
			mainGroup = 2E746D5E22A7245700688E01;
			productRefGroup = 2E746D6822A7245700688E01 /* Products */;
			projectDirPath = "";
			projectRoot = "";
			targets = (
				2E746D6622A7245700688E01 /* MatthiasTaMorrendo */,
				2E746D7C22A7245700688E01 /* MatthiasTaMorrendoTests */,
				2E746D8722A7245700688E01 /* MatthiasTaMorrendoUITests */,
			);
		};
/* End PBXProject section */

/* Begin PBXResourcesBuildPhase section */
		2E746D6522A7245700688E01 /* Resources */ = {
			isa = PBXResourcesBuildPhase;
			buildActionMask = 2147483647;
			files = (
				2E746D7722A7245700688E01 /* LaunchScreen.storyboard in Resources */,
				2E746D7422A7245700688E01 /* Preview Assets.xcassets in Resources */,
				2E746D7122A7245700688E01 /* Assets.xcassets in Resources */,
			);
			runOnlyForDeploymentPostprocessing = 0;
		};
		2E746D7B22A7245700688E01 /* Resources */ = {
			isa = PBXResourcesBuildPhase;
			buildActionMask = 2147483647;
			files = (
			);
			runOnlyForDeploymentPostprocessing = 0;
		};
		2E746D8622A7245700688E01 /* Resources */ = {
			isa = PBXResourcesBuildPhase;
			buildActionMask = 2147483647;
			files = (
			);
			runOnlyForDeploymentPostprocessing = 0;
		};
/* End PBXResourcesBuildPhase section */

/* Begin PBXSourcesBuildPhase section */
		2E746D6322A7245700688E01 /* Sources */ = {
			isa = PBXSourcesBuildPhase;
			buildActionMask = 2147483647;
			files = (
				2E746D6B22A7245700688E01 /* AppDelegate.swift in Sources */,
				2E746D6D22A7245700688E01 /* SceneDelegate.swift in Sources */,
				2E746D9D22A73F2B00688E01 /* Datapoint.swift in Sources */,
				2E746D9B22A73F0600688E01 /* StatusView.swift in Sources */,
				2E746D6F22A7245700688E01 /* ContentView.swift in Sources */,
			);
			runOnlyForDeploymentPostprocessing = 0;
		};
		2E746D7922A7245700688E01 /* Sources */ = {
			isa = PBXSourcesBuildPhase;
			buildActionMask = 2147483647;
			files = (
				2E746D8222A7245700688E01 /* MatthiasTaMorrendoTests.swift in Sources */,
			);
			runOnlyForDeploymentPostprocessing = 0;
		};
		2E746D8422A7245700688E01 /* Sources */ = {
			isa = PBXSourcesBuildPhase;
			buildActionMask = 2147483647;
			files = (
				2E746D8D22A7245700688E01 /* MatthiasTaMorrendoUITests.swift in Sources */,
			);
			runOnlyForDeploymentPostprocessing = 0;
		};
/* End PBXSourcesBuildPhase section */

/* Begin PBXTargetDependency section */
		2E746D7F22A7245700688E01 /* PBXTargetDependency */ = {
			isa = PBXTargetDependency;
			target = 2E746D6622A7245700688E01 /* MatthiasTaMorrendo */;
			targetProxy = 2E746D7E22A7245700688E01 /* PBXContainerItemProxy */;
		};
		2E746D8A22A7245700688E01 /* PBXTargetDependency */ = {
			isa = PBXTargetDependency;
			target = 2E746D6622A7245700688E01 /* MatthiasTaMorrendo */;
			targetProxy = 2E746D8922A7245700688E01 /* PBXContainerItemProxy */;
		};
/* End PBXTargetDependency section */

/* Begin PBXVariantGroup section */
		2E746D7522A7245700688E01 /* LaunchScreen.storyboard */ = {
			isa = PBXVariantGroup;
			children = (
				2E746D7622A7245700688E01 /* Base */,
			);
			name = LaunchScreen.storyboard;
			sourceTree = "<group>";
		};
/* End PBXVariantGroup section */

/* Begin XCBuildConfiguration section */
		2E746D8F22A7245700688E01 /* Debug */ = {
			isa = XCBuildConfiguration;
			buildSettings = {
				ALWAYS_SEARCH_USER_PATHS = NO;
				CLANG_ANALYZER_NONNULL = YES;
				CLANG_ANALYZER_NUMBER_OBJECT_CONVERSION = YES_AGGRESSIVE;
				CLANG_CXX_LANGUAGE_STANDARD = "gnu++14";
				CLANG_CXX_LIBRARY = "libc++";
				CLANG_ENABLE_MODULES = YES;
				CLANG_ENABLE_OBJC_ARC = YES;
				CLANG_ENABLE_OBJC_WEAK = YES;
				CLANG_WARN_BLOCK_CAPTURE_AUTORELEASING = YES;
				CLANG_WARN_BOOL_CONVERSION = YES;
				CLANG_WARN_COMMA = YES;
				CLANG_WARN_CONSTANT_CONVERSION = YES;
				CLANG_WARN_DEPRECATED_OBJC_IMPLEMENTATIONS = YES;
				CLANG_WARN_DIRECT_OBJC_ISA_USAGE = YES_ERROR;
				CLANG_WARN_DOCUMENTATION_COMMENTS = YES;
				CLANG_WARN_EMPTY_BODY = YES;
				CLANG_WARN_ENUM_CONVERSION = YES;
				CLANG_WARN_INFINITE_RECURSION = YES;
				CLANG_WARN_INT_CONVERSION = YES;
				CLANG_WARN_NON_LITERAL_NULL_CONVERSION = YES;
				CLANG_WARN_OBJC_IMPLICIT_RETAIN_SELF = YES;
				CLANG_WARN_OBJC_LITERAL_CONVERSION = YES;
				CLANG_WARN_OBJC_ROOT_CLASS = YES_ERROR;
				CLANG_WARN_RANGE_LOOP_ANALYSIS = YES;
				CLANG_WARN_STRICT_PROTOTYPES = YES;
				CLANG_WARN_SUSPICIOUS_MOVE = YES;
				CLANG_WARN_UNGUARDED_AVAILABILITY = YES_AGGRESSIVE;
				CLANG_WARN_UNREACHABLE_CODE = YES;
				CLANG_WARN__DUPLICATE_METHOD_MATCH = YES;
				COPY_PHASE_STRIP = NO;
				DEBUG_INFORMATION_FORMAT = dwarf;
				ENABLE_STRICT_OBJC_MSGSEND = YES;
				ENABLE_TESTABILITY = YES;
				GCC_C_LANGUAGE_STANDARD = gnu11;
				GCC_DYNAMIC_NO_PIC = NO;
				GCC_NO_COMMON_BLOCKS = YES;
				GCC_OPTIMIZATION_LEVEL = 0;
				GCC_PREPROCESSOR_DEFINITIONS = (
					"DEBUG=1",
					"$(inherited)",
				);
				GCC_WARN_64_TO_32_BIT_CONVERSION = YES;
				GCC_WARN_ABOUT_RETURN_TYPE = YES_ERROR;
				GCC_WARN_UNDECLARED_SELECTOR = YES;
				GCC_WARN_UNINITIALIZED_AUTOS = YES_AGGRESSIVE;
				GCC_WARN_UNUSED_FUNCTION = YES;
				GCC_WARN_UNUSED_VARIABLE = YES;
				IPHONEOS_DEPLOYMENT_TARGET = 13.0;
				MTL_ENABLE_DEBUG_INFO = INCLUDE_SOURCE;
				MTL_FAST_MATH = YES;
				ONLY_ACTIVE_ARCH = YES;
				SDKROOT = iphoneos;
				SWIFT_ACTIVE_COMPILATION_CONDITIONS = DEBUG;
				SWIFT_OPTIMIZATION_LEVEL = "-Onone";
			};
			name = Debug;
		};
		2E746D9022A7245700688E01 /* Release */ = {
			isa = XCBuildConfiguration;
			buildSettings = {
				ALWAYS_SEARCH_USER_PATHS = NO;
				CLANG_ANALYZER_NONNULL = YES;
				CLANG_ANALYZER_NUMBER_OBJECT_CONVERSION = YES_AGGRESSIVE;
				CLANG_CXX_LANGUAGE_STANDARD = "gnu++14";
				CLANG_CXX_LIBRARY = "libc++";
				CLANG_ENABLE_MODULES = YES;
				CLANG_ENABLE_OBJC_ARC = YES;
				CLANG_ENABLE_OBJC_WEAK = YES;
				CLANG_WARN_BLOCK_CAPTURE_AUTORELEASING = YES;
				CLANG_WARN_BOOL_CONVERSION = YES;
				CLANG_WARN_COMMA = YES;
				CLANG_WARN_CONSTANT_CONVERSION = YES;
				CLANG_WARN_DEPRECATED_OBJC_IMPLEMENTATIONS = YES;
				CLANG_WARN_DIRECT_OBJC_ISA_USAGE = YES_ERROR;
				CLANG_WARN_DOCUMENTATION_COMMENTS = YES;
				CLANG_WARN_EMPTY_BODY = YES;
				CLANG_WARN_ENUM_CONVERSION = YES;
				CLANG_WARN_INFINITE_RECURSION = YES;
				CLANG_WARN_INT_CONVERSION = YES;
				CLANG_WARN_NON_LITERAL_NULL_CONVERSION = YES;
				CLANG_WARN_OBJC_IMPLICIT_RETAIN_SELF = YES;
				CLANG_WARN_OBJC_LITERAL_CONVERSION = YES;
				CLANG_WARN_OBJC_ROOT_CLASS = YES_ERROR;
				CLANG_WARN_RANGE_LOOP_ANALYSIS = YES;
				CLANG_WARN_STRICT_PROTOTYPES = YES;
				CLANG_WARN_SUSPICIOUS_MOVE = YES;
				CLANG_WARN_UNGUARDED_AVAILABILITY = YES_AGGRESSIVE;
				CLANG_WARN_UNREACHABLE_CODE = YES;
				CLANG_WARN__DUPLICATE_METHOD_MATCH = YES;
				COPY_PHASE_STRIP = NO;
				DEBUG_INFORMATION_FORMAT = "dwarf-with-dsym";
				ENABLE_NS_ASSERTIONS = NO;
				ENABLE_STRICT_OBJC_MSGSEND = YES;
				GCC_C_LANGUAGE_STANDARD = gnu11;
				GCC_NO_COMMON_BLOCKS = YES;
				GCC_WARN_64_TO_32_BIT_CONVERSION = YES;
				GCC_WARN_ABOUT_RETURN_TYPE = YES_ERROR;
				GCC_WARN_UNDECLARED_SELECTOR = YES;
				GCC_WARN_UNINITIALIZED_AUTOS = YES_AGGRESSIVE;
				GCC_WARN_UNUSED_FUNCTION = YES;
				GCC_WARN_UNUSED_VARIABLE = YES;
				IPHONEOS_DEPLOYMENT_TARGET = 13.0;
				MTL_ENABLE_DEBUG_INFO = NO;
				MTL_FAST_MATH = YES;
				SDKROOT = iphoneos;
				SWIFT_COMPILATION_MODE = wholemodule;
				SWIFT_OPTIMIZATION_LEVEL = "-O";
				VALIDATE_PRODUCT = YES;
			};
			name = Release;
		};
		2E746D9222A7245700688E01 /* Debug */ = {
			isa = XCBuildConfiguration;
			buildSettings = {
				ASSETCATALOG_COMPILER_APPICON_NAME = AppIcon;
				CODE_SIGN_STYLE = Automatic;
				DEVELOPMENT_ASSET_PATHS = "MatthiasTaMorrendo/Preview\\ Content";
				DEVELOPMENT_TEAM = Q927FR98MV;
				ENABLE_PREVIEWS = YES;
				INFOPLIST_FILE = MatthiasTaMorrendo/Info.plist;
				LD_RUNPATH_SEARCH_PATHS = (
					"$(inherited)",
					"@executable_path/Frameworks",
				);
				PRODUCT_BUNDLE_IDENTIFIER = com.drgmr.MatthiasTaMorrendo;
				PRODUCT_NAME = "$(TARGET_NAME)";
				SWIFT_VERSION = 5.0;
				TARGETED_DEVICE_FAMILY = "1,2";
			};
			name = Debug;
		};
		2E746D9322A7245700688E01 /* Release */ = {
			isa = XCBuildConfiguration;
			buildSettings = {
				ASSETCATALOG_COMPILER_APPICON_NAME = AppIcon;
				CODE_SIGN_STYLE = Automatic;
				DEVELOPMENT_ASSET_PATHS = "MatthiasTaMorrendo/Preview\\ Content";
				DEVELOPMENT_TEAM = Q927FR98MV;
				ENABLE_PREVIEWS = YES;
				INFOPLIST_FILE = MatthiasTaMorrendo/Info.plist;
				LD_RUNPATH_SEARCH_PATHS = (
					"$(inherited)",
					"@executable_path/Frameworks",
				);
				PRODUCT_BUNDLE_IDENTIFIER = com.drgmr.MatthiasTaMorrendo;
				PRODUCT_NAME = "$(TARGET_NAME)";
				SWIFT_VERSION = 5.0;
				TARGETED_DEVICE_FAMILY = "1,2";
			};
			name = Release;
		};
		2E746D9522A7245700688E01 /* Debug */ = {
			isa = XCBuildConfiguration;
			buildSettings = {
				ALWAYS_EMBED_SWIFT_STANDARD_LIBRARIES = YES;
				BUNDLE_LOADER = "$(TEST_HOST)";
				CODE_SIGN_STYLE = Automatic;
				DEVELOPMENT_TEAM = Q927FR98MV;
				INFOPLIST_FILE = MatthiasTaMorrendoTests/Info.plist;
				LD_RUNPATH_SEARCH_PATHS = (
					"$(inherited)",
					"@executable_path/Frameworks",
					"@loader_path/Frameworks",
				);
				PRODUCT_BUNDLE_IDENTIFIER = com.drgmr.MatthiasTaMorrendoTests;
				PRODUCT_NAME = "$(TARGET_NAME)";
				SWIFT_VERSION = 5.0;
				TARGETED_DEVICE_FAMILY = "1,2";
				TEST_HOST = "$(BUILT_PRODUCTS_DIR)/MatthiasTaMorrendo.app/MatthiasTaMorrendo";
			};
			name = Debug;
		};
		2E746D9622A7245700688E01 /* Release */ = {
			isa = XCBuildConfiguration;
			buildSettings = {
				ALWAYS_EMBED_SWIFT_STANDARD_LIBRARIES = YES;
				BUNDLE_LOADER = "$(TEST_HOST)";
				CODE_SIGN_STYLE = Automatic;
				DEVELOPMENT_TEAM = Q927FR98MV;
				INFOPLIST_FILE = MatthiasTaMorrendoTests/Info.plist;
				LD_RUNPATH_SEARCH_PATHS = (
					"$(inherited)",
					"@executable_path/Frameworks",
					"@loader_path/Frameworks",
				);
				PRODUCT_BUNDLE_IDENTIFIER = com.drgmr.MatthiasTaMorrendoTests;
				PRODUCT_NAME = "$(TARGET_NAME)";
				SWIFT_VERSION = 5.0;
				TARGETED_DEVICE_FAMILY = "1,2";
				TEST_HOST = "$(BUILT_PRODUCTS_DIR)/MatthiasTaMorrendo.app/MatthiasTaMorrendo";
			};
			name = Release;
		};
		2E746D9822A7245700688E01 /* Debug */ = {
			isa = XCBuildConfiguration;
			buildSettings = {
				ALWAYS_EMBED_SWIFT_STANDARD_LIBRARIES = YES;
				CODE_SIGN_STYLE = Automatic;
				DEVELOPMENT_TEAM = Q927FR98MV;
				INFOPLIST_FILE = MatthiasTaMorrendoUITests/Info.plist;
				LD_RUNPATH_SEARCH_PATHS = (
					"$(inherited)",
					"@executable_path/Frameworks",
					"@loader_path/Frameworks",
				);
				PRODUCT_BUNDLE_IDENTIFIER = com.drgmr.MatthiasTaMorrendoUITests;
				PRODUCT_NAME = "$(TARGET_NAME)";
				SWIFT_VERSION = 5.0;
				TARGETED_DEVICE_FAMILY = "1,2";
				TEST_TARGET_NAME = MatthiasTaMorrendo;
			};
			name = Debug;
		};
		2E746D9922A7245700688E01 /* Release */ = {
			isa = XCBuildConfiguration;
			buildSettings = {
				ALWAYS_EMBED_SWIFT_STANDARD_LIBRARIES = YES;
				CODE_SIGN_STYLE = Automatic;
				DEVELOPMENT_TEAM = Q927FR98MV;
				INFOPLIST_FILE = MatthiasTaMorrendoUITests/Info.plist;
				LD_RUNPATH_SEARCH_PATHS = (
					"$(inherited)",
					"@executable_path/Frameworks",
					"@loader_path/Frameworks",
				);
				PRODUCT_BUNDLE_IDENTIFIER = com.drgmr.MatthiasTaMorrendoUITests;
				PRODUCT_NAME = "$(TARGET_NAME)";
				SWIFT_VERSION = 5.0;
				TARGETED_DEVICE_FAMILY = "1,2";
				TEST_TARGET_NAME = MatthiasTaMorrendo;
			};
			name = Release;
		};
/* End XCBuildConfiguration section */

/* Begin XCConfigurationList section */
		2E746D6222A7245700688E01 /* Build configuration list for PBXProject "MatthiasTaMorrendo" */ = {
			isa = XCConfigurationList;
			buildConfigurations = (
				2E746D8F22A7245700688E01 /* Debug */,
				2E746D9022A7245700688E01 /* Release */,
			);
			defaultConfigurationIsVisible = 0;
			defaultConfigurationName = Release;
		};
		2E746D9122A7245700688E01 /* Build configuration list for PBXNativeTarget "MatthiasTaMorrendo" */ = {
			isa = XCConfigurationList;
			buildConfigurations = (
				2E746D9222A7245700688E01 /* Debug */,
				2E746D9322A7245700688E01 /* Release */,
			);
			defaultConfigurationIsVisible = 0;
			defaultConfigurationName = Release;
		};
		2E746D9422A7245700688E01 /* Build configuration list for PBXNativeTarget "MatthiasTaMorrendoTests" */ = {
			isa = XCConfigurationList;
			buildConfigurations = (
				2E746D9522A7245700688E01 /* Debug */,
				2E746D9622A7245700688E01 /* Release */,
			);
			defaultConfigurationIsVisible = 0;
			defaultConfigurationName = Release;
		};
		2E746D9722A7245700688E01 /* Build configuration list for PBXNativeTarget "MatthiasTaMorrendoUITests" */ = {
			isa = XCConfigurationList;
			buildConfigurations = (
				2E746D9822A7245700688E01 /* Debug */,
				2E746D9922A7245700688E01 /* Release */,
			);
			defaultConfigurationIsVisible = 0;
			defaultConfigurationName = Release;
		};
/* End XCConfigurationList section */
	};
	rootObject = 2E746D5F22A7245700688E01 /* Project object */;
}
